
Microsoft Visual Studio Solution File, Format Version 12.00
# Visual Studio Version 17
VisualStudioVersion = 17.11.35327.3
MinimumVisualStudioVersion = 10.0.40219.1
Project("{FAE04EC0-301F-11D3-BF4B-00C04F79EFBC}") = "ModLoader", "ModLoader\ModLoader.csproj", "{B5F0A56A-2128-4B0A-8153-56F70BA39DEB}"
EndProject
Global
	GlobalSection(SolutionConfigurationPlatforms) = preSolution
		Debug|Any CPU = Debug|Any CPU
		Debug|ARM64 = Debug|ARM64
		Debug|x64 = Debug|x64
		Debug|x86 = Debug|x86
		Release|Any CPU = Release|Any CPU
		Release|ARM64 = Release|ARM64
		Release|x64 = Release|x64
		Release|x86 = Release|x86
	EndGlobalSection
	GlobalSection(ProjectConfigurationPlatforms) = postSolution
		{B5F0A56A-2128-4B0A-8153-56F70BA39DEB}.Debug|Any CPU.ActiveCfg = Debug|Any CPU
		{B5F0A56A-2128-4B0A-8153-56F70BA39DEB}.Debug|Any CPU.Build.0 = Debug|Any CPU
		{B5F0A56A-2128-4B0A-8153-56F70BA39DEB}.Debug|ARM64.ActiveCfg = Debug|Any CPU
		{B5F0A56A-2128-4B0A-8153-56F70BA39DEB}.Debug|ARM64.Build.0 = Debug|Any CPU
		{B5F0A56A-2128-4B0A-8153-56F70BA39DEB}.Debug|x64.ActiveCfg = Debug|Any CPU
		{B5F0A56A-2128-4B0A-8153-56F70BA39DEB}.Debug|x64.Build.0 = Debug|Any CPU
		{B5F0A56A-2128-4B0A-8153-56F70BA39DEB}.Debug|x86.ActiveCfg = Debug|Any CPU
		{B5F0A56A-2128-4B0A-8153-56F70BA39DEB}.Debug|x86.Build.0 = Debug|Any CPU
		{B5F0A56A-2128-4B0A-8153-56F70BA39DEB}.Release|Any CPU.ActiveCfg = Release|Any CPU
		{B5F0A56A-2128-4B0A-8153-56F70BA39DEB}.Release|Any CPU.Build.0 = Release|Any CPU
		{B5F0A56A-2128-4B0A-8153-56F70BA39DEB}.Release|ARM64.ActiveCfg = Release|Any CPU
		{B5F0A56A-2128-4B0A-8153-56F70BA39DEB}.Release|ARM64.Build.0 = Release|Any CPU
		{B5F0A56A-2128-4B0A-8153-56F70BA39DEB}.Release|x64.ActiveCfg = Release|Any CPU
		{B5F0A56A-2128-4B0A-8153-56F70BA39DEB}.Release|x64.Build.0 = Release|Any CPU
		{B5F0A56A-2128-4B0A-8153-56F70BA39DEB}.Release|x86.ActiveCfg = Release|Any CPU
		{B5F0A56A-2128-4B0A-8153-56F70BA39DEB}.Release|x86.Build.0 = Release|Any CPU
	EndGlobalSection
	GlobalSection(SolutionProperties) = preSolution
		HideSolutionNode = FALSE
	EndGlobalSection
	GlobalSection(ExtensibilityGlobals) = postSolution
		SolutionGuid = {D2E673FA-6C9E-4456-9CC8-3B7D43403991}
	EndGlobalSection
EndGlobal
